// !$*UTF8*$!
{
	archiveVersion = 1;
	classes = {
	};
	objectVersion = 46;
	objects = {

/* Begin PBXFileReference section */
		F51BFCF11868FC5200ED1587 /* testCFile.c */ = {isa = PBXFileReference; lastKnownFileType = sourcecode.c.c; path = testCFile.c; sourceTree = "<group>"; };
/* End PBXFileReference section */

/* Begin PBXGroup section */
		F51BFCEA1868FBCA00ED1587 = {
			isa = PBXGroup;
			children = (
				F51BFCF11868FC5200ED1587 /* testCFile.c */,
			);
			sourceTree = "<group>";
		};
/* End PBXGroup section */

/* Begin PBXProject section */
		F51BFCEB1868FBCA00ED1587 /* Project object */ = {
			isa = PBXProject;
			attributes = {
				LastUpgradeCheck = 0500;
			};
			buildConfigurationList = F51BFCEE1868FBCA00ED1587 /* Build configuration list for PBXProject "Test" */;
			compatibilityVersion = "Xcode 3.2";
			developmentRegion = English;
			hasScannedForEncodings = 0;
			knownRegions = (
				en,
			);
			mainGroup = F51BFCEA1868FBCA00ED1587;
			projectDirPath = "";
			projectRoot = "";
			targets = (
			);
		};
/* End PBXProject section */

/* Begin XCBuildConfiguration section */
		F51BFCEF1868FBCA00ED1587 /* Debug */ = {
			isa = XCBuildConfiguration;
			buildSettings = {
			};
			name = Debug;
		};
		F51BFCF01868FBCA00ED1587 /* Release */ = {
			isa = XCBuildConfiguration;
			buildSettings = {
			};
			name = Release;
		};
/* End XCBuildConfiguration section */

/* Begin XCConfigurationList section */
		F51BFCEE1868FBCA00ED1587 /* Build configuration list for PBXProject "Test" */ = {
			isa = XCConfigurationList;
			buildConfigurations = (
				F51BFCEF1868FBCA00ED1587 /* Debug */,
				F51BFCF01868FBCA00ED1587 /* Release */,
			);
			defaultConfigurationIsVisible = 0;
			defaultConfigurationName = Release;
		};
/* End XCConfigurationList section */
	};
	rootObject = F51BFCEB1868FBCA00ED1587 /* Project object */;
}
