// !$*UTF8*$!
{
	archiveVersion = 1;
	classes = {
	};
	objectVersion = 46;
	objects = {

/* Begin PBXBuildFile section */
		F5C551AB18A6C95A00A58587 /* Foundation.framework in Frameworks */ = {isa = PBXBuildFile; fileRef = F5C551AA18A6C95A00A58587 /* Foundation.framework */; };
		F5C551AD18A6C95A00A58587 /* CoreGraphics.framework in Frameworks */ = {isa = PBXBuildFile; fileRef = F5C551AC18A6C95A00A58587 /* CoreGraphics.framework */; };
		F5C551AF18A6C95A00A58587 /* UIKit.framework in Frameworks */ = {isa = PBXBuildFile; fileRef = F5C551AE18A6C95A00A58587 /* UIKit.framework */; };
		F5C551B518A6C95A00A58587 /* InfoPlist.strings in Resources */ = {isa = PBXBuildFile; fileRef = F5C551B318A6C95A00A58587 /* InfoPlist.strings */; };
		F5C551B718A6C95A00A58587 /* main.m in Sources */ = {isa = PBXBuildFile; fileRef = F5C551B618A6C95A00A58587 /* main.m */; };
		F5C551BB18A6C95A00A58587 /* AppDelegate.m in Sources */ = {isa = PBXBuildFile; fileRef = F5C551BA18A6C95A00A58587 /* AppDelegate.m */; };
		F5C551BE18A6C95A00A58587 /* Main_iPhone.storyboard in Resources */ = {isa = PBXBuildFile; fileRef = F5C551BC18A6C95A00A58587 /* Main_iPhone.storyboard */; };
		F5C551C118A6C95A00A58587 /* Main_iPad.storyboard in Resources */ = {isa = PBXBuildFile; fileRef = F5C551BF18A6C95A00A58587 /* Main_iPad.storyboard */; };
		F5C551C418A6C95A00A58587 /* ViewController.m in Sources */ = {isa = PBXBuildFile; fileRef = F5C551C318A6C95A00A58587 /* ViewController.m */; };
		F5C551C618A6C95A00A58587 /* Images.xcassets in Resources */ = {isa = PBXBuildFile; fileRef = F5C551C518A6C95A00A58587 /* Images.xcassets */; };
		F5C551CD18A6C95A00A58587 /* XCTest.framework in Frameworks */ = {isa = PBXBuildFile; fileRef = F5C551CC18A6C95A00A58587 /* XCTest.framework */; };
		F5C551CE18A6C95A00A58587 /* Foundation.framework in Frameworks */ = {isa = PBXBuildFile; fileRef = F5C551AA18A6C95A00A58587 /* Foundation.framework */; };
		F5C551CF18A6C95A00A58587 /* UIKit.framework in Frameworks */ = {isa = PBXBuildFile; fileRef = F5C551AE18A6C95A00A58587 /* UIKit.framework */; };
		F5C551D718A6C95A00A58587 /* InfoPlist.strings in Resources */ = {isa = PBXBuildFile; fileRef = F5C551D518A6C95A00A58587 /* InfoPlist.strings */; };
		F5C551D918A6C95A00A58587 /* MafiaTests.m in Sources */ = {isa = PBXBuildFile; fileRef = F5C551D818A6C95A00A58587 /* MafiaTests.m */; };
/* End PBXBuildFile section */

/* Begin PBXContainerItemProxy section */
		F5C551D018A6C95A00A58587 /* PBXContainerItemProxy */ = {
			isa = PBXContainerItemProxy;
			containerPortal = F5C5519F18A6C95A00A58587 /* Project object */;
			proxyType = 1;
			remoteGlobalIDString = F5C551A618A6C95A00A58587;
			remoteInfo = Mafia;
		};
/* End PBXContainerItemProxy section */

/* Begin PBXFileReference section */
		F5C551A718A6C95A00A58587 /* Mafia.app */ = {isa = PBXFileReference; explicitFileType = wrapper.application; includeInIndex = 0; path = Mafia.app; sourceTree = BUILT_PRODUCTS_DIR; };
		F5C551AA18A6C95A00A58587 /* Foundation.framework */ = {isa = PBXFileReference; lastKnownFileType = wrapper.framework; name = Foundation.framework; path = System/Library/Frameworks/Foundation.framework; sourceTree = SDKROOT; };
		F5C551AC18A6C95A00A58587 /* CoreGraphics.framework */ = {isa = PBXFileReference; lastKnownFileType = wrapper.framework; name = CoreGraphics.framework; path = System/Library/Frameworks/CoreGraphics.framework; sourceTree = SDKROOT; };
		F5C551AE18A6C95A00A58587 /* UIKit.framework */ = {isa = PBXFileReference; lastKnownFileType = wrapper.framework; name = UIKit.framework; path = System/Library/Frameworks/UIKit.framework; sourceTree = SDKROOT; };
		F5C551B218A6C95A00A58587 /* Mafia-Info.plist */ = {isa = PBXFileReference; lastKnownFileType = text.plist.xml; path = "Mafia-Info.plist"; sourceTree = "<group>"; };
		F5C551B418A6C95A00A58587 /* en */ = {isa = PBXFileReference; lastKnownFileType = text.plist.strings; name = en; path = en.lproj/InfoPlist.strings; sourceTree = "<group>"; };
		F5C551B618A6C95A00A58587 /* main.m */ = {isa = PBXFileReference; lastKnownFileType = sourcecode.c.objc; path = main.m; sourceTree = "<group>"; };
		F5C551B818A6C95A00A58587 /* Mafia-Prefix.pch */ = {isa = PBXFileReference; lastKnownFileType = sourcecode.c.h; path = "Mafia-Prefix.pch"; sourceTree = "<group>"; };
		F5C551B918A6C95A00A58587 /* AppDelegate.h */ = {isa = PBXFileReference; lastKnownFileType = sourcecode.c.h; path = AppDelegate.h; sourceTree = "<group>"; };
		F5C551BA18A6C95A00A58587 /* AppDelegate.m */ = {isa = PBXFileReference; lastKnownFileType = sourcecode.c.objc; path = AppDelegate.m; sourceTree = "<group>"; };
		F5C551BD18A6C95A00A58587 /* Base */ = {isa = PBXFileReference; lastKnownFileType = file.storyboard; name = Base; path = Base.lproj/Main_iPhone.storyboard; sourceTree = "<group>"; };
		F5C551C018A6C95A00A58587 /* Base */ = {isa = PBXFileReference; lastKnownFileType = file.storyboard; name = Base; path = Base.lproj/Main_iPad.storyboard; sourceTree = "<group>"; };
		F5C551C218A6C95A00A58587 /* ViewController.h */ = {isa = PBXFileReference; lastKnownFileType = sourcecode.c.h; path = ViewController.h; sourceTree = "<group>"; };
		F5C551C318A6C95A00A58587 /* ViewController.m */ = {isa = PBXFileReference; lastKnownFileType = sourcecode.c.objc; path = ViewController.m; sourceTree = "<group>"; };
		F5C551C518A6C95A00A58587 /* Images.xcassets */ = {isa = PBXFileReference; lastKnownFileType = folder.assetcatalog; path = Images.xcassets; sourceTree = "<group>"; };
		F5C551CB18A6C95A00A58587 /* MafiaTests.xctest */ = {isa = PBXFileReference; explicitFileType = wrapper.cfbundle; includeInIndex = 0; path = MafiaTests.xctest; sourceTree = BUILT_PRODUCTS_DIR; };
		F5C551CC18A6C95A00A58587 /* XCTest.framework */ = {isa = PBXFileReference; lastKnownFileType = wrapper.framework; name = XCTest.framework; path = Library/Frameworks/XCTest.framework; sourceTree = DEVELOPER_DIR; };
		F5C551D418A6C95A00A58587 /* MafiaTests-Info.plist */ = {isa = PBXFileReference; lastKnownFileType = text.plist.xml; path = "MafiaTests-Info.plist"; sourceTree = "<group>"; };
		F5C551D618A6C95A00A58587 /* en */ = {isa = PBXFileReference; lastKnownFileType = text.plist.strings; name = en; path = en.lproj/InfoPlist.strings; sourceTree = "<group>"; };
		F5C551D818A6C95A00A58587 /* MafiaTests.m */ = {isa = PBXFileReference; lastKnownFileType = sourcecode.c.objc; path = MafiaTests.m; sourceTree = "<group>"; };
/* End PBXFileReference section */

/* Begin PBXFrameworksBuildPhase section */
		F5C551A418A6C95A00A58587 /* Frameworks */ = {
			isa = PBXFrameworksBuildPhase;
			buildActionMask = 2147483647;
			files = (
				F5C551AD18A6C95A00A58587 /* CoreGraphics.framework in Frameworks */,
				F5C551AF18A6C95A00A58587 /* UIKit.framework in Frameworks */,
				F5C551AB18A6C95A00A58587 /* Foundation.framework in Frameworks */,
			);
			runOnlyForDeploymentPostprocessing = 0;
		};
		F5C551C818A6C95A00A58587 /* Frameworks */ = {
			isa = PBXFrameworksBuildPhase;
			buildActionMask = 2147483647;
			files = (
				F5C551CD18A6C95A00A58587 /* XCTest.framework in Frameworks */,
				F5C551CF18A6C95A00A58587 /* UIKit.framework in Frameworks */,
				F5C551CE18A6C95A00A58587 /* Foundation.framework in Frameworks */,
			);
			runOnlyForDeploymentPostprocessing = 0;
		};
/* End PBXFrameworksBuildPhase section */

/* Begin PBXGroup section */
		F5C5519E18A6C95A00A58587 = {
			isa = PBXGroup;
			children = (
				F5C551B018A6C95A00A58587 /* Mafia */,
				F5C551D218A6C95A00A58587 /* MafiaTests */,
				F5C551A918A6C95A00A58587 /* Frameworks */,
				F5C551A818A6C95A00A58587 /* Products */,
			);
			sourceTree = "<group>";
		};
		F5C551A818A6C95A00A58587 /* Products */ = {
			isa = PBXGroup;
			children = (
				F5C551A718A6C95A00A58587 /* Mafia.app */,
				F5C551CB18A6C95A00A58587 /* MafiaTests.xctest */,
			);
			name = Products;
			sourceTree = "<group>";
		};
		F5C551A918A6C95A00A58587 /* Frameworks */ = {
			isa = PBXGroup;
			children = (
				F5C551AA18A6C95A00A58587 /* Foundation.framework */,
				F5C551AC18A6C95A00A58587 /* CoreGraphics.framework */,
				F5C551AE18A6C95A00A58587 /* UIKit.framework */,
				F5C551CC18A6C95A00A58587 /* XCTest.framework */,
			);
			name = Frameworks;
			sourceTree = "<group>";
		};
		F5C551B018A6C95A00A58587 /* Mafia */ = {
			isa = PBXGroup;
			children = (
				F5C551B918A6C95A00A58587 /* AppDelegate.h */,
				F5C551BA18A6C95A00A58587 /* AppDelegate.m */,
				F5C551BC18A6C95A00A58587 /* Main_iPhone.storyboard */,
				F5C551BF18A6C95A00A58587 /* Main_iPad.storyboard */,
				F5C551C218A6C95A00A58587 /* ViewController.h */,
				F5C551C318A6C95A00A58587 /* ViewController.m */,
				F5C551C518A6C95A00A58587 /* Images.xcassets */,
				F5C551B118A6C95A00A58587 /* Supporting Files */,
			);
			path = Mafia;
			sourceTree = "<group>";
		};
		F5C551B118A6C95A00A58587 /* Supporting Files */ = {
			isa = PBXGroup;
			children = (
				F5C551B218A6C95A00A58587 /* Mafia-Info.plist */,
				F5C551B318A6C95A00A58587 /* InfoPlist.strings */,
				F5C551B618A6C95A00A58587 /* main.m */,
				F5C551B818A6C95A00A58587 /* Mafia-Prefix.pch */,
			);
			name = "Supporting Files";
			sourceTree = "<group>";
		};
		F5C551D218A6C95A00A58587 /* MafiaTests */ = {
			isa = PBXGroup;
			children = (
				F5C551D818A6C95A00A58587 /* MafiaTests.m */,
				F5C551D318A6C95A00A58587 /* Supporting Files */,
			);
			path = MafiaTests;
			sourceTree = "<group>";
		};
		F5C551D318A6C95A00A58587 /* Supporting Files */ = {
			isa = PBXGroup;
			children = (
				F5C551D418A6C95A00A58587 /* MafiaTests-Info.plist */,
				F5C551D518A6C95A00A58587 /* InfoPlist.strings */,
			);
			name = "Supporting Files";
			sourceTree = "<group>";
		};
/* End PBXGroup section */

/* Begin PBXNativeTarget section */
		F5C551A618A6C95A00A58587 /* Mafia */ = {
			isa = PBXNativeTarget;
			buildConfigurationList = F5C551DC18A6C95A00A58587 /* Build configuration list for PBXNativeTarget "Mafia" */;
			buildPhases = (
				F5C551A318A6C95A00A58587 /* Sources */,
				F5C551A418A6C95A00A58587 /* Frameworks */,
				F5C551A518A6C95A00A58587 /* Resources */,
			);
			buildRules = (
			);
			dependencies = (
			);
			name = Mafia;
			productName = Mafia;
			productReference = F5C551A718A6C95A00A58587 /* Mafia.app */;
			productType = "com.apple.product-type.application";
		};
		F5C551CA18A6C95A00A58587 /* MafiaTests */ = {
			isa = PBXNativeTarget;
			buildConfigurationList = F5C551DF18A6C95A00A58587 /* Build configuration list for PBXNativeTarget "MafiaTests" */;
			buildPhases = (
				F5C551C718A6C95A00A58587 /* Sources */,
				F5C551C818A6C95A00A58587 /* Frameworks */,
				F5C551C918A6C95A00A58587 /* Resources */,
			);
			buildRules = (
			);
			dependencies = (
				F5C551D118A6C95A00A58587 /* PBXTargetDependency */,
			);
			name = MafiaTests;
			productName = MafiaTests;
			productReference = F5C551CB18A6C95A00A58587 /* MafiaTests.xctest */;
			productType = "com.apple.product-type.bundle.unit-test";
		};
/* End PBXNativeTarget section */

/* Begin PBXProject section */
		F5C5519F18A6C95A00A58587 /* Project object */ = {
			isa = PBXProject;
			attributes = {
				LastUpgradeCheck = 0500;
				ORGANIZATIONNAME = "Michael Raimi";
				TargetAttributes = {
					F5C551CA18A6C95A00A58587 = {
						TestTargetID = F5C551A618A6C95A00A58587;
					};
				};
			};
			buildConfigurationList = F5C551A218A6C95A00A58587 /* Build configuration list for PBXProject "Mafia" */;
			compatibilityVersion = "Xcode 3.2";
			developmentRegion = English;
			hasScannedForEncodings = 0;
			knownRegions = (
				en,
				Base,
			);
			mainGroup = F5C5519E18A6C95A00A58587;
			productRefGroup = F5C551A818A6C95A00A58587 /* Products */;
			projectDirPath = "";
			projectRoot = "";
			targets = (
				F5C551A618A6C95A00A58587 /* Mafia */,
				F5C551CA18A6C95A00A58587 /* MafiaTests */,
			);
		};
/* End PBXProject section */

/* Begin PBXResourcesBuildPhase section */
		F5C551A518A6C95A00A58587 /* Resources */ = {
			isa = PBXResourcesBuildPhase;
			buildActionMask = 2147483647;
			files = (
				F5C551C118A6C95A00A58587 /* Main_iPad.storyboard in Resources */,
				F5C551C618A6C95A00A58587 /* Images.xcassets in Resources */,
				F5C551BE18A6C95A00A58587 /* Main_iPhone.storyboard in Resources */,
				F5C551B518A6C95A00A58587 /* InfoPlist.strings in Resources */,
			);
			runOnlyForDeploymentPostprocessing = 0;
		};
		F5C551C918A6C95A00A58587 /* Resources */ = {
			isa = PBXResourcesBuildPhase;
			buildActionMask = 2147483647;
			files = (
				F5C551D718A6C95A00A58587 /* InfoPlist.strings in Resources */,
			);
			runOnlyForDeploymentPostprocessing = 0;
		};
/* End PBXResourcesBuildPhase section */

/* Begin PBXSourcesBuildPhase section */
		F5C551A318A6C95A00A58587 /* Sources */ = {
			isa = PBXSourcesBuildPhase;
			buildActionMask = 2147483647;
			files = (
				F5C551C418A6C95A00A58587 /* ViewController.m in Sources */,
				F5C551BB18A6C95A00A58587 /* AppDelegate.m in Sources */,
				F5C551B718A6C95A00A58587 /* main.m in Sources */,
			);
			runOnlyForDeploymentPostprocessing = 0;
		};
		F5C551C718A6C95A00A58587 /* Sources */ = {
			isa = PBXSourcesBuildPhase;
			buildActionMask = 2147483647;
			files = (
				F5C551D918A6C95A00A58587 /* MafiaTests.m in Sources */,
			);
			runOnlyForDeploymentPostprocessing = 0;
		};
/* End PBXSourcesBuildPhase section */

/* Begin PBXTargetDependency section */
		F5C551D118A6C95A00A58587 /* PBXTargetDependency */ = {
			isa = PBXTargetDependency;
			target = F5C551A618A6C95A00A58587 /* Mafia */;
			targetProxy = F5C551D018A6C95A00A58587 /* PBXContainerItemProxy */;
		};
/* End PBXTargetDependency section */

/* Begin PBXVariantGroup section */
		F5C551B318A6C95A00A58587 /* InfoPlist.strings */ = {
			isa = PBXVariantGroup;
			children = (
				F5C551B418A6C95A00A58587 /* en */,
			);
			name = InfoPlist.strings;
			sourceTree = "<group>";
		};
		F5C551BC18A6C95A00A58587 /* Main_iPhone.storyboard */ = {
			isa = PBXVariantGroup;
			children = (
				F5C551BD18A6C95A00A58587 /* Base */,
			);
			name = Main_iPhone.storyboard;
			sourceTree = "<group>";
		};
		F5C551BF18A6C95A00A58587 /* Main_iPad.storyboard */ = {
			isa = PBXVariantGroup;
			children = (
				F5C551C018A6C95A00A58587 /* Base */,
			);
			name = Main_iPad.storyboard;
			sourceTree = "<group>";
		};
		F5C551D518A6C95A00A58587 /* InfoPlist.strings */ = {
			isa = PBXVariantGroup;
			children = (
				F5C551D618A6C95A00A58587 /* en */,
			);
			name = InfoPlist.strings;
			sourceTree = "<group>";
		};
/* End PBXVariantGroup section */

/* Begin XCBuildConfiguration section */
		F5C551DA18A6C95A00A58587 /* Debug */ = {
			isa = XCBuildConfiguration;
			buildSettings = {
				ALWAYS_SEARCH_USER_PATHS = NO;
				ARCHS = "$(ARCHS_STANDARD_INCLUDING_64_BIT)";
				CLANG_CXX_LANGUAGE_STANDARD = "gnu++0x";
				CLANG_CXX_LIBRARY = "libc++";
				CLANG_ENABLE_MODULES = YES;
				CLANG_ENABLE_OBJC_ARC = YES;
				CLANG_WARN_BOOL_CONVERSION = YES;
				CLANG_WARN_CONSTANT_CONVERSION = YES;
				CLANG_WARN_DIRECT_OBJC_ISA_USAGE = YES_ERROR;
				CLANG_WARN_EMPTY_BODY = YES;
				CLANG_WARN_ENUM_CONVERSION = YES;
				CLANG_WARN_INT_CONVERSION = YES;
				CLANG_WARN_OBJC_ROOT_CLASS = YES_ERROR;
				CLANG_WARN__DUPLICATE_METHOD_MATCH = YES;
				"CODE_SIGN_IDENTITY[sdk=iphoneos*]" = "iPhone Developer";
				COPY_PHASE_STRIP = NO;
				GCC_C_LANGUAGE_STANDARD = gnu99;
				GCC_DYNAMIC_NO_PIC = NO;
				GCC_OPTIMIZATION_LEVEL = 0;
				GCC_PREPROCESSOR_DEFINITIONS = (
					"DEBUG=1",
					"$(inherited)",
				);
				GCC_SYMBOLS_PRIVATE_EXTERN = NO;
				GCC_WARN_64_TO_32_BIT_CONVERSION = YES;
				GCC_WARN_ABOUT_RETURN_TYPE = YES_ERROR;
				GCC_WARN_UNDECLARED_SELECTOR = YES;
				GCC_WARN_UNINITIALIZED_AUTOS = YES;
				GCC_WARN_UNUSED_FUNCTION = YES;
				GCC_WARN_UNUSED_VARIABLE = YES;
				IPHONEOS_DEPLOYMENT_TARGET = 7.0;
				ONLY_ACTIVE_ARCH = YES;
				SDKROOT = iphoneos;
				TARGETED_DEVICE_FAMILY = "1,2";
			};
			name = Debug;
		};
		F5C551DB18A6C95A00A58587 /* Release */ = {
			isa = XCBuildConfiguration;
			buildSettings = {
				ALWAYS_SEARCH_USER_PATHS = NO;
				ARCHS = "$(ARCHS_STANDARD_INCLUDING_64_BIT)";
				CLANG_CXX_LANGUAGE_STANDARD = "gnu++0x";
				CLANG_CXX_LIBRARY = "libc++";
				CLANG_ENABLE_MODULES = YES;
				CLANG_ENABLE_OBJC_ARC = YES;
				CLANG_WARN_BOOL_CONVERSION = YES;
				CLANG_WARN_CONSTANT_CONVERSION = YES;
				CLANG_WARN_DIRECT_OBJC_ISA_USAGE = YES_ERROR;
				CLANG_WARN_EMPTY_BODY = YES;
				CLANG_WARN_ENUM_CONVERSION = YES;
				CLANG_WARN_INT_CONVERSION = YES;
				CLANG_WARN_OBJC_ROOT_CLASS = YES_ERROR;
				CLANG_WARN__DUPLICATE_METHOD_MATCH = YES;
				"CODE_SIGN_IDENTITY[sdk=iphoneos*]" = "iPhone Developer";
				COPY_PHASE_STRIP = YES;
				ENABLE_NS_ASSERTIONS = NO;
				GCC_C_LANGUAGE_STANDARD = gnu99;
				GCC_WARN_64_TO_32_BIT_CONVERSION = YES;
				GCC_WARN_ABOUT_RETURN_TYPE = YES_ERROR;
				GCC_WARN_UNDECLARED_SELECTOR = YES;
				GCC_WARN_UNINITIALIZED_AUTOS = YES;
				GCC_WARN_UNUSED_FUNCTION = YES;
				GCC_WARN_UNUSED_VARIABLE = YES;
				IPHONEOS_DEPLOYMENT_TARGET = 7.0;
				SDKROOT = iphoneos;
				TARGETED_DEVICE_FAMILY = "1,2";
				VALIDATE_PRODUCT = YES;
			};
			name = Release;
		};
		F5C551DD18A6C95A00A58587 /* Debug */ = {
			isa = XCBuildConfiguration;
			buildSettings = {
				ASSETCATALOG_COMPILER_APPICON_NAME = AppIcon;
				ASSETCATALOG_COMPILER_LAUNCHIMAGE_NAME = LaunchImage;
				GCC_PRECOMPILE_PREFIX_HEADER = YES;
				GCC_PREFIX_HEADER = "Mafia/Mafia-Prefix.pch";
				INFOPLIST_FILE = "Mafia/Mafia-Info.plist";
				PRODUCT_NAME = "$(TARGET_NAME)";
				WRAPPER_EXTENSION = app;
			};
			name = Debug;
		};
		F5C551DE18A6C95A00A58587 /* Release */ = {
			isa = XCBuildConfiguration;
			buildSettings = {
				ASSETCATALOG_COMPILER_APPICON_NAME = AppIcon;
				ASSETCATALOG_COMPILER_LAUNCHIMAGE_NAME = LaunchImage;
				GCC_PRECOMPILE_PREFIX_HEADER = YES;
				GCC_PREFIX_HEADER = "Mafia/Mafia-Prefix.pch";
				INFOPLIST_FILE = "Mafia/Mafia-Info.plist";
				PRODUCT_NAME = "$(TARGET_NAME)";
				WRAPPER_EXTENSION = app;
			};
			name = Release;
		};
		F5C551E018A6C95A00A58587 /* Debug */ = {
			isa = XCBuildConfiguration;
			buildSettings = {
				ARCHS = "$(ARCHS_STANDARD_INCLUDING_64_BIT)";
				BUNDLE_LOADER = "$(BUILT_PRODUCTS_DIR)/Mafia.app/Mafia";
				FRAMEWORK_SEARCH_PATHS = (
					"$(SDKROOT)/Developer/Library/Frameworks",
					"$(inherited)",
					"$(DEVELOPER_FRAMEWORKS_DIR)",
				);
				GCC_PRECOMPILE_PREFIX_HEADER = YES;
				GCC_PREFIX_HEADER = "Mafia/Mafia-Prefix.pch";
				GCC_PREPROCESSOR_DEFINITIONS = (
					"DEBUG=1",
					"$(inherited)",
				);
				INFOPLIST_FILE = "MafiaTests/MafiaTests-Info.plist";
				PRODUCT_NAME = "$(TARGET_NAME)";
				TEST_HOST = "$(BUNDLE_LOADER)";
				WRAPPER_EXTENSION = xctest;
			};
			name = Debug;
		};
		F5C551E118A6C95A00A58587 /* Release */ = {
			isa = XCBuildConfiguration;
			buildSettings = {
				ARCHS = "$(ARCHS_STANDARD_INCLUDING_64_BIT)";
				BUNDLE_LOADER = "$(BUILT_PRODUCTS_DIR)/Mafia.app/Mafia";
				FRAMEWORK_SEARCH_PATHS = (
					"$(SDKROOT)/Developer/Library/Frameworks",
					"$(inherited)",
					"$(DEVELOPER_FRAMEWORKS_DIR)",
				);
				GCC_PRECOMPILE_PREFIX_HEADER = YES;
				GCC_PREFIX_HEADER = "Mafia/Mafia-Prefix.pch";
				INFOPLIST_FILE = "MafiaTests/MafiaTests-Info.plist";
				PRODUCT_NAME = "$(TARGET_NAME)";
				TEST_HOST = "$(BUNDLE_LOADER)";
				WRAPPER_EXTENSION = xctest;
			};
			name = Release;
		};
/* End XCBuildConfiguration section */

/* Begin XCConfigurationList section */
		F5C551A218A6C95A00A58587 /* Build configuration list for PBXProject "Mafia" */ = {
			isa = XCConfigurationList;
			buildConfigurations = (
				F5C551DA18A6C95A00A58587 /* Debug */,
				F5C551DB18A6C95A00A58587 /* Release */,
			);
			defaultConfigurationIsVisible = 0;
			defaultConfigurationName = Release;
		};
		F5C551DC18A6C95A00A58587 /* Build configuration list for PBXNativeTarget "Mafia" */ = {
			isa = XCConfigurationList;
			buildConfigurations = (
				F5C551DD18A6C95A00A58587 /* Debug */,
				F5C551DE18A6C95A00A58587 /* Release */,
			);
			defaultConfigurationIsVisible = 0;
		};
		F5C551DF18A6C95A00A58587 /* Build configuration list for PBXNativeTarget "MafiaTests" */ = {
			isa = XCConfigurationList;
			buildConfigurations = (
				F5C551E018A6C95A00A58587 /* Debug */,
				F5C551E118A6C95A00A58587 /* Release */,
			);
			defaultConfigurationIsVisible = 0;
		};
/* End XCConfigurationList section */
	};
	rootObject = F5C5519F18A6C95A00A58587 /* Project object */;
}
